
Microsoft Visual Studio Solution File, Format Version 12.00
Project("{FAE04EC0-301F-11D3-BF4B-00C04F79EFBC}") = "SK Sender App", "SK Sender App\SK Sender App.csproj", "{02ADD84B-53FF-472A-8811-B3CB8FAF5EDC}"
EndProject
Global
	GlobalSection(SolutionConfigurationPlatforms) = preSolution
		Debug|Any CPU = Debug|Any CPU
		Release|Any CPU = Release|Any CPU
	EndGlobalSection
	GlobalSection(ProjectConfigurationPlatforms) = postSolution
		{02ADD84B-53FF-472A-8811-B3CB8FAF5EDC}.Debug|Any CPU.ActiveCfg = Debug|Any CPU
		{02ADD84B-53FF-472A-8811-B3CB8FAF5EDC}.Debug|Any CPU.Build.0 = Debug|Any CPU
		{02ADD84B-53FF-472A-8811-B3CB8FAF5EDC}.Release|Any CPU.ActiveCfg = Release|Any CPU
		{02ADD84B-53FF-472A-8811-B3CB8FAF5EDC}.Release|Any CPU.Build.0 = Release|Any CPU
	EndGlobalSection
EndGlobal
